
Microsoft Visual Studio Solution File, Format Version 12.00
# Visual Studio Version 16
VisualStudioVersion = 16.0.30320.27
MinimumVisualStudioVersion = 10.0.40219.1
Project("{FAE04EC0-301F-11D3-BF4B-00C04F79EFBC}") = "tetirs", "tetirs\tetirs.csproj", "{D855639E-EE47-4C43-AFDB-5F616449EA9C}"
EndProject
Global
	GlobalSection(SolutionConfigurationPlatforms) = preSolution
		Debug|Any CPU = Debug|Any CPU
		Release|Any CPU = Release|Any CPU
	EndGlobalSection
	GlobalSection(ProjectConfigurationPlatforms) = postSolution
		{D855639E-EE47-4C43-AFDB-5F616449EA9C}.Debug|Any CPU.ActiveCfg = Debug|Any CPU
		{D855639E-EE47-4C43-AFDB-5F616449EA9C}.Debug|Any CPU.Build.0 = Debug|Any CPU
		{D855639E-EE47-4C43-AFDB-5F616449EA9C}.Release|Any CPU.ActiveCfg = Release|Any CPU
		{D855639E-EE47-4C43-AFDB-5F616449EA9C}.Release|Any CPU.Build.0 = Release|Any CPU
	EndGlobalSection
	GlobalSection(SolutionProperties) = preSolution
		HideSolutionNode = FALSE
	EndGlobalSection
	GlobalSection(ExtensibilityGlobals) = postSolution
		SolutionGuid = {313CC441-6208-40D1-A6B8-BDF9A7ADEBE5}
	EndGlobalSection
EndGlobal
