
Microsoft Visual Studio Solution File, Format Version 12.00
# Visual Studio Version 16
VisualStudioVersion = 16.0.30320.27
MinimumVisualStudioVersion = 10.0.40219.1
Project("{FAE04EC0-301F-11D3-BF4B-00C04F79EFBC}") = "lesson5", "lesson5\lesson5.csproj", "{AE9E365D-93B6-4573-AA6A-365CD28D6800}"
EndProject
Global
	GlobalSection(SolutionConfigurationPlatforms) = preSolution
		Debug|Any CPU = Debug|Any CPU
		Release|Any CPU = Release|Any CPU
	EndGlobalSection
	GlobalSection(ProjectConfigurationPlatforms) = postSolution
		{AE9E365D-93B6-4573-AA6A-365CD28D6800}.Debug|Any CPU.ActiveCfg = Debug|Any CPU
		{AE9E365D-93B6-4573-AA6A-365CD28D6800}.Debug|Any CPU.Build.0 = Debug|Any CPU
		{AE9E365D-93B6-4573-AA6A-365CD28D6800}.Release|Any CPU.ActiveCfg = Release|Any CPU
		{AE9E365D-93B6-4573-AA6A-365CD28D6800}.Release|Any CPU.Build.0 = Release|Any CPU
	EndGlobalSection
	GlobalSection(SolutionProperties) = preSolution
		HideSolutionNode = FALSE
	EndGlobalSection
	GlobalSection(ExtensibilityGlobals) = postSolution
		SolutionGuid = {D23FD2BF-14D3-4ACC-A05B-EC3F7C4C3DCB}
	EndGlobalSection
EndGlobal
